
Microsoft Visual Studio Solution File, Format Version 12.00
Project("{FAE04EC0-301F-11D3-BF4B-00C04F79EFBC}") = "Kestrel.Client", "Kestrel.Client\Kestrel.Client.csproj", "{066DF1F6-7CCB-4345-90CE-A061ED8B26EE}"
EndProject
Project("{FAE04EC0-301F-11D3-BF4B-00C04F79EFBC}") = "Kestrel.Core", "Kestrel.Core\Kestrel.Core.csproj", "{CEDBBF19-00AE-49E3-8412-027D7CC5809E}"
EndProject
Project("{FAE04EC0-301F-11D3-BF4B-00C04F79EFBC}") = "SocketServer", "SocketServer\SocketServer.csproj", "{B0D610FD-13A2-40D0-B29E-FF216034DBB1}"
EndProject
Global
	GlobalSection(SolutionConfigurationPlatforms) = preSolution
		Debug|Any CPU = Debug|Any CPU
		Release|Any CPU = Release|Any CPU
	EndGlobalSection
	GlobalSection(ProjectConfigurationPlatforms) = postSolution
		{066DF1F6-7CCB-4345-90CE-A061ED8B26EE}.Debug|Any CPU.ActiveCfg = Debug|Any CPU
		{066DF1F6-7CCB-4345-90CE-A061ED8B26EE}.Debug|Any CPU.Build.0 = Debug|Any CPU
		{066DF1F6-7CCB-4345-90CE-A061ED8B26EE}.Release|Any CPU.ActiveCfg = Release|Any CPU
		{066DF1F6-7CCB-4345-90CE-A061ED8B26EE}.Release|Any CPU.Build.0 = Release|Any CPU
		{CEDBBF19-00AE-49E3-8412-027D7CC5809E}.Debug|Any CPU.ActiveCfg = Debug|Any CPU
		{CEDBBF19-00AE-49E3-8412-027D7CC5809E}.Debug|Any CPU.Build.0 = Debug|Any CPU
		{CEDBBF19-00AE-49E3-8412-027D7CC5809E}.Release|Any CPU.ActiveCfg = Release|Any CPU
		{CEDBBF19-00AE-49E3-8412-027D7CC5809E}.Release|Any CPU.Build.0 = Release|Any CPU
		{B0D610FD-13A2-40D0-B29E-FF216034DBB1}.Debug|Any CPU.ActiveCfg = Debug|Any CPU
		{B0D610FD-13A2-40D0-B29E-FF216034DBB1}.Debug|Any CPU.Build.0 = Debug|Any CPU
		{B0D610FD-13A2-40D0-B29E-FF216034DBB1}.Release|Any CPU.ActiveCfg = Release|Any CPU
		{B0D610FD-13A2-40D0-B29E-FF216034DBB1}.Release|Any CPU.Build.0 = Release|Any CPU
	EndGlobalSection
EndGlobal
